
Microsoft Visual Studio Solution File, Format Version 12.00
# Visual Studio Version 17
VisualStudioVersion = 17.13.35818.85 d17.13
MinimumVisualStudioVersion = 10.0.40219.1
Project("{FAE04EC0-301F-11D3-BF4B-00C04F79EFBC}") = "MOD_03_GUI", "MOD_03_GUI\MOD_03_GUI.csproj", "{B0E07E06-2A1A-40C0-A847-51312919D2BC}"
EndProject
Global
	GlobalSection(SolutionConfigurationPlatforms) = preSolution
		Debug|Any CPU = Debug|Any CPU
		Release|Any CPU = Release|Any CPU
	EndGlobalSection
	GlobalSection(ProjectConfigurationPlatforms) = postSolution
		{B0E07E06-2A1A-40C0-A847-51312919D2BC}.Debug|Any CPU.ActiveCfg = Debug|Any CPU
		{B0E07E06-2A1A-40C0-A847-51312919D2BC}.Debug|Any CPU.Build.0 = Debug|Any CPU
		{B0E07E06-2A1A-40C0-A847-51312919D2BC}.Release|Any CPU.ActiveCfg = Release|Any CPU
		{B0E07E06-2A1A-40C0-A847-51312919D2BC}.Release|Any CPU.Build.0 = Release|Any CPU
	EndGlobalSection
	GlobalSection(SolutionProperties) = preSolution
		HideSolutionNode = FALSE
	EndGlobalSection
	GlobalSection(ExtensibilityGlobals) = postSolution
		SolutionGuid = {FE8D4757-5558-4B54-A579-97E2E8B6CF1F}
	EndGlobalSection
EndGlobal
